// !$*UTF8*$!
{
	archiveVersion = 1;
	classes = {
	};
	objectVersion = 46;
	objects = {

/* Begin PBXBuildFile section */
		AD32A0AB1D73556F00F7F6CA /* main.m in Sources */ = {isa = PBXBuildFile; fileRef = AD32A0AA1D73556F00F7F6CA /* main.m */; };
		AD32A0AE1D73556F00F7F6CA /* AppDelegate.m in Sources */ = {isa = PBXBuildFile; fileRef = AD32A0AD1D73556F00F7F6CA /* AppDelegate.m */; };
		AD32A0B11D73556F00F7F6CA /* ViewController.m in Sources */ = {isa = PBXBuildFile; fileRef = AD32A0B01D73556F00F7F6CA /* ViewController.m */; };
		AD32A0B41D73556F00F7F6CA /* Main.storyboard in Resources */ = {isa = PBXBuildFile; fileRef = AD32A0B21D73556F00F7F6CA /* Main.storyboard */; };
		AD32A0B61D73556F00F7F6CA /* Assets.xcassets in Resources */ = {isa = PBXBuildFile; fileRef = AD32A0B51D73556F00F7F6CA /* Assets.xcassets */; };
		AD32A0B91D73556F00F7F6CA /* LaunchScreen.storyboard in Resources */ = {isa = PBXBuildFile; fileRef = AD32A0B71D73556F00F7F6CA /* LaunchScreen.storyboard */; };
		AD32A0C41D73556F00F7F6CA /* Assignment1Tests.m in Sources */ = {isa = PBXBuildFile; fileRef = AD32A0C31D73556F00F7F6CA /* Assignment1Tests.m */; };
		AD32A0CF1D73556F00F7F6CA /* Assignment1UITests.m in Sources */ = {isa = PBXBuildFile; fileRef = AD32A0CE1D73556F00F7F6CA /* Assignment1UITests.m */; };
		AD32A0E11D73585900F7F6CA /* BZFoursquare.m in Sources */ = {isa = PBXBuildFile; fileRef = AD32A0DE1D73585900F7F6CA /* BZFoursquare.m */; settings = {ASSET_TAGS = (); }; };
		AD32A0E21D73585900F7F6CA /* BZFoursquareRequest.m in Sources */ = {isa = PBXBuildFile; fileRef = AD32A0E01D73585900F7F6CA /* BZFoursquareRequest.m */; settings = {ASSET_TAGS = (); }; };
		AD3ED52D1D746BB400EA6AFE /* MapKit.framework in Frameworks */ = {isa = PBXBuildFile; fileRef = AD3ED52C1D746BB400EA6AFE /* MapKit.framework */; };
		AD9B81381D74BF1000FDD251 /* CSMapAnnotation.m in Sources */ = {isa = PBXBuildFile; fileRef = AD9B81371D74BF1000FDD251 /* CSMapAnnotation.m */; settings = {ASSET_TAGS = (); }; };
		AD9B813A1D74C9F600FDD251 /* CoreLocation.framework in Frameworks */ = {isa = PBXBuildFile; fileRef = AD9B81391D74C9F600FDD251 /* CoreLocation.framework */; };
		ADA84D5A1D737219005F73B4 /* MobileCoreServices.framework in Frameworks */ = {isa = PBXBuildFile; fileRef = ADA84D591D737219005F73B4 /* MobileCoreServices.framework */; };
		ADF9CBBF1D760E9A00A60BA3 /* venue.m in Sources */ = {isa = PBXBuildFile; fileRef = ADF9CBBE1D760E9A00A60BA3 /* venue.m */; settings = {ASSET_TAGS = (); }; };
/* End PBXBuildFile section */

/* Begin PBXContainerItemProxy section */
		AD32A0C01D73556F00F7F6CA /* PBXContainerItemProxy */ = {
			isa = PBXContainerItemProxy;
			containerPortal = AD32A09E1D73556F00F7F6CA /* Project object */;
			proxyType = 1;
			remoteGlobalIDString = AD32A0A51D73556F00F7F6CA;
			remoteInfo = Assignment1;
		};
		AD32A0CB1D73556F00F7F6CA /* PBXContainerItemProxy */ = {
			isa = PBXContainerItemProxy;
			containerPortal = AD32A09E1D73556F00F7F6CA /* Project object */;
			proxyType = 1;
			remoteGlobalIDString = AD32A0A51D73556F00F7F6CA;
			remoteInfo = Assignment1;
		};
/* End PBXContainerItemProxy section */

/* Begin PBXFileReference section */
		AD32A0A61D73556F00F7F6CA /* Assignment1.app */ = {isa = PBXFileReference; explicitFileType = wrapper.application; includeInIndex = 0; path = Assignment1.app; sourceTree = BUILT_PRODUCTS_DIR; };
		AD32A0AA1D73556F00F7F6CA /* main.m */ = {isa = PBXFileReference; lastKnownFileType = sourcecode.c.objc; path = main.m; sourceTree = "<group>"; };
		AD32A0AC1D73556F00F7F6CA /* AppDelegate.h */ = {isa = PBXFileReference; lastKnownFileType = sourcecode.c.h; path = AppDelegate.h; sourceTree = "<group>"; };
		AD32A0AD1D73556F00F7F6CA /* AppDelegate.m */ = {isa = PBXFileReference; lastKnownFileType = sourcecode.c.objc; path = AppDelegate.m; sourceTree = "<group>"; };
		AD32A0AF1D73556F00F7F6CA /* ViewController.h */ = {isa = PBXFileReference; lastKnownFileType = sourcecode.c.h; path = ViewController.h; sourceTree = "<group>"; };
		AD32A0B01D73556F00F7F6CA /* ViewController.m */ = {isa = PBXFileReference; lastKnownFileType = sourcecode.c.objc; path = ViewController.m; sourceTree = "<group>"; };
		AD32A0B31D73556F00F7F6CA /* Base */ = {isa = PBXFileReference; lastKnownFileType = file.storyboard; name = Base; path = Base.lproj/Main.storyboard; sourceTree = "<group>"; };
		AD32A0B51D73556F00F7F6CA /* Assets.xcassets */ = {isa = PBXFileReference; lastKnownFileType = folder.assetcatalog; path = Assets.xcassets; sourceTree = "<group>"; };
		AD32A0B81D73556F00F7F6CA /* Base */ = {isa = PBXFileReference; lastKnownFileType = file.storyboard; name = Base; path = Base.lproj/LaunchScreen.storyboard; sourceTree = "<group>"; };
		AD32A0BA1D73556F00F7F6CA /* Info.plist */ = {isa = PBXFileReference; lastKnownFileType = text.plist.xml; path = Info.plist; sourceTree = "<group>"; };
		AD32A0BF1D73556F00F7F6CA /* Assignment1Tests.xctest */ = {isa = PBXFileReference; explicitFileType = wrapper.cfbundle; includeInIndex = 0; path = Assignment1Tests.xctest; sourceTree = BUILT_PRODUCTS_DIR; };
		AD32A0C31D73556F00F7F6CA /* Assignment1Tests.m */ = {isa = PBXFileReference; lastKnownFileType = sourcecode.c.objc; path = Assignment1Tests.m; sourceTree = "<group>"; };
		AD32A0C51D73556F00F7F6CA /* Info.plist */ = {isa = PBXFileReference; lastKnownFileType = text.plist.xml; path = Info.plist; sourceTree = "<group>"; };
		AD32A0CA1D73556F00F7F6CA /* Assignment1UITests.xctest */ = {isa = PBXFileReference; explicitFileType = wrapper.cfbundle; includeInIndex = 0; path = Assignment1UITests.xctest; sourceTree = BUILT_PRODUCTS_DIR; };
		AD32A0CE1D73556F00F7F6CA /* Assignment1UITests.m */ = {isa = PBXFileReference; lastKnownFileType = sourcecode.c.objc; path = Assignment1UITests.m; sourceTree = "<group>"; };
		AD32A0D01D73556F00F7F6CA /* Info.plist */ = {isa = PBXFileReference; lastKnownFileType = text.plist.xml; path = Info.plist; sourceTree = "<group>"; };
		AD32A0DD1D73585900F7F6CA /* BZFoursquare.h */ = {isa = PBXFileReference; fileEncoding = 4; lastKnownFileType = sourcecode.c.h; path = BZFoursquare.h; sourceTree = "<group>"; };
		AD32A0DE1D73585900F7F6CA /* BZFoursquare.m */ = {isa = PBXFileReference; fileEncoding = 4; lastKnownFileType = sourcecode.c.objc; path = BZFoursquare.m; sourceTree = "<group>"; };
		AD32A0DF1D73585900F7F6CA /* BZFoursquareRequest.h */ = {isa = PBXFileReference; fileEncoding = 4; lastKnownFileType = sourcecode.c.h; path = BZFoursquareRequest.h; sourceTree = "<group>"; };
		AD32A0E01D73585900F7F6CA /* BZFoursquareRequest.m */ = {isa = PBXFileReference; fileEncoding = 4; lastKnownFileType = sourcecode.c.objc; path = BZFoursquareRequest.m; sourceTree = "<group>"; };
		AD3ED52C1D746BB400EA6AFE /* MapKit.framework */ = {isa = PBXFileReference; lastKnownFileType = wrapper.framework; name = MapKit.framework; path = System/Library/Frameworks/MapKit.framework; sourceTree = SDKROOT; };
		AD9B81361D74BF1000FDD251 /* CSMapAnnotation.h */ = {isa = PBXFileReference; fileEncoding = 4; lastKnownFileType = sourcecode.c.h; path = CSMapAnnotation.h; sourceTree = "<group>"; };
		AD9B81371D74BF1000FDD251 /* CSMapAnnotation.m */ = {isa = PBXFileReference; fileEncoding = 4; lastKnownFileType = sourcecode.c.objc; path = CSMapAnnotation.m; sourceTree = "<group>"; };
		AD9B81391D74C9F600FDD251 /* CoreLocation.framework */ = {isa = PBXFileReference; lastKnownFileType = wrapper.framework; name = CoreLocation.framework; path = System/Library/Frameworks/CoreLocation.framework; sourceTree = SDKROOT; };
		ADA84D591D737219005F73B4 /* MobileCoreServices.framework */ = {isa = PBXFileReference; lastKnownFileType = wrapper.framework; name = MobileCoreServices.framework; path = System/Library/Frameworks/MobileCoreServices.framework; sourceTree = SDKROOT; };
		ADF9CBBD1D760E9A00A60BA3 /* venue.h */ = {isa = PBXFileReference; fileEncoding = 4; lastKnownFileType = sourcecode.c.h; path = venue.h; sourceTree = SOURCE_ROOT; };
		ADF9CBBE1D760E9A00A60BA3 /* venue.m */ = {isa = PBXFileReference; fileEncoding = 4; lastKnownFileType = sourcecode.c.objc; path = venue.m; sourceTree = SOURCE_ROOT; };
/* End PBXFileReference section */

/* Begin PBXFrameworksBuildPhase section */
		AD32A0A31D73556F00F7F6CA /* Frameworks */ = {
			isa = PBXFrameworksBuildPhase;
			buildActionMask = 2147483647;
			files = (
				AD9B813A1D74C9F600FDD251 /* CoreLocation.framework in Frameworks */,
				AD3ED52D1D746BB400EA6AFE /* MapKit.framework in Frameworks */,
				ADA84D5A1D737219005F73B4 /* MobileCoreServices.framework in Frameworks */,
			);
			runOnlyForDeploymentPostprocessing = 0;
		};
		AD32A0BC1D73556F00F7F6CA /* Frameworks */ = {
			isa = PBXFrameworksBuildPhase;
			buildActionMask = 2147483647;
			files = (
			);
			runOnlyForDeploymentPostprocessing = 0;
		};
		AD32A0C71D73556F00F7F6CA /* Frameworks */ = {
			isa = PBXFrameworksBuildPhase;
			buildActionMask = 2147483647;
			files = (
			);
			runOnlyForDeploymentPostprocessing = 0;
		};
/* End PBXFrameworksBuildPhase section */

/* Begin PBXGroup section */
		AD32A09D1D73556F00F7F6CA = {
			isa = PBXGroup;
			children = (
				AD9B81391D74C9F600FDD251 /* CoreLocation.framework */,
				AD3ED52C1D746BB400EA6AFE /* MapKit.framework */,
				ADA84D591D737219005F73B4 /* MobileCoreServices.framework */,
				AD32A0A81D73556F00F7F6CA /* Assignment1 */,
				AD32A0C21D73556F00F7F6CA /* Assignment1Tests */,
				AD32A0CD1D73556F00F7F6CA /* Assignment1UITests */,
				AD32A0A71D73556F00F7F6CA /* Products */,
			);
			sourceTree = "<group>";
		};
		AD32A0A71D73556F00F7F6CA /* Products */ = {
			isa = PBXGroup;
			children = (
				AD32A0A61D73556F00F7F6CA /* Assignment1.app */,
				AD32A0BF1D73556F00F7F6CA /* Assignment1Tests.xctest */,
				AD32A0CA1D73556F00F7F6CA /* Assignment1UITests.xctest */,
			);
			name = Products;
			sourceTree = "<group>";
		};
		AD32A0A81D73556F00F7F6CA /* Assignment1 */ = {
			isa = PBXGroup;
			children = (
				AD32A0DC1D73585900F7F6CA /* BZFoursquare */,
				AD32A0AC1D73556F00F7F6CA /* AppDelegate.h */,
				ADF9CBBD1D760E9A00A60BA3 /* venue.h */,
				ADF9CBBE1D760E9A00A60BA3 /* venue.m */,
				AD32A0AD1D73556F00F7F6CA /* AppDelegate.m */,
				AD32A0AF1D73556F00F7F6CA /* ViewController.h */,
				AD32A0B01D73556F00F7F6CA /* ViewController.m */,
				AD9B81361D74BF1000FDD251 /* CSMapAnnotation.h */,
				AD9B81371D74BF1000FDD251 /* CSMapAnnotation.m */,
				AD32A0B21D73556F00F7F6CA /* Main.storyboard */,
				AD32A0B51D73556F00F7F6CA /* Assets.xcassets */,
				AD32A0B71D73556F00F7F6CA /* LaunchScreen.storyboard */,
				AD32A0BA1D73556F00F7F6CA /* Info.plist */,
				AD32A0A91D73556F00F7F6CA /* Supporting Files */,
			);
			path = Assignment1;
			sourceTree = "<group>";
		};
		AD32A0A91D73556F00F7F6CA /* Supporting Files */ = {
			isa = PBXGroup;
			children = (
				AD32A0AA1D73556F00F7F6CA /* main.m */,
			);
			name = "Supporting Files";
			sourceTree = "<group>";
		};
		AD32A0C21D73556F00F7F6CA /* Assignment1Tests */ = {
			isa = PBXGroup;
			children = (
				AD32A0C31D73556F00F7F6CA /* Assignment1Tests.m */,
				AD32A0C51D73556F00F7F6CA /* Info.plist */,
			);
			path = Assignment1Tests;
			sourceTree = "<group>";
		};
		AD32A0CD1D73556F00F7F6CA /* Assignment1UITests */ = {
			isa = PBXGroup;
			children = (
				AD32A0CE1D73556F00F7F6CA /* Assignment1UITests.m */,
				AD32A0D01D73556F00F7F6CA /* Info.plist */,
			);
			path = Assignment1UITests;
			sourceTree = "<group>";
		};
		AD32A0DC1D73585900F7F6CA /* BZFoursquare */ = {
			isa = PBXGroup;
			children = (
				AD32A0DD1D73585900F7F6CA /* BZFoursquare.h */,
				AD32A0DE1D73585900F7F6CA /* BZFoursquare.m */,
				AD32A0DF1D73585900F7F6CA /* BZFoursquareRequest.h */,
				AD32A0E01D73585900F7F6CA /* BZFoursquareRequest.m */,
			);
			path = BZFoursquare;
			sourceTree = "<group>";
		};
/* End PBXGroup section */

/* Begin PBXNativeTarget section */
		AD32A0A51D73556F00F7F6CA /* Assignment1 */ = {
			isa = PBXNativeTarget;
			buildConfigurationList = AD32A0D31D73556F00F7F6CA /* Build configuration list for PBXNativeTarget "Assignment1" */;
			buildPhases = (
				AD32A0A21D73556F00F7F6CA /* Sources */,
				AD32A0A31D73556F00F7F6CA /* Frameworks */,
				AD32A0A41D73556F00F7F6CA /* Resources */,
			);
			buildRules = (
			);
			dependencies = (
			);
			name = Assignment1;
			productName = Assignment1;
			productReference = AD32A0A61D73556F00F7F6CA /* Assignment1.app */;
			productType = "com.apple.product-type.application";
		};
		AD32A0BE1D73556F00F7F6CA /* Assignment1Tests */ = {
			isa = PBXNativeTarget;
			buildConfigurationList = AD32A0D61D73556F00F7F6CA /* Build configuration list for PBXNativeTarget "Assignment1Tests" */;
			buildPhases = (
				AD32A0BB1D73556F00F7F6CA /* Sources */,
				AD32A0BC1D73556F00F7F6CA /* Frameworks */,
				AD32A0BD1D73556F00F7F6CA /* Resources */,
			);
			buildRules = (
			);
			dependencies = (
				AD32A0C11D73556F00F7F6CA /* PBXTargetDependency */,
			);
			name = Assignment1Tests;
			productName = Assignment1Tests;
			productReference = AD32A0BF1D73556F00F7F6CA /* Assignment1Tests.xctest */;
			productType = "com.apple.product-type.bundle.unit-test";
		};
		AD32A0C91D73556F00F7F6CA /* Assignment1UITests */ = {
			isa = PBXNativeTarget;
			buildConfigurationList = AD32A0D91D73556F00F7F6CA /* Build configuration list for PBXNativeTarget "Assignment1UITests" */;
			buildPhases = (
				AD32A0C61D73556F00F7F6CA /* Sources */,
				AD32A0C71D73556F00F7F6CA /* Frameworks */,
				AD32A0C81D73556F00F7F6CA /* Resources */,
			);
			buildRules = (
			);
			dependencies = (
				AD32A0CC1D73556F00F7F6CA /* PBXTargetDependency */,
			);
			name = Assignment1UITests;
			productName = Assignment1UITests;
			productReference = AD32A0CA1D73556F00F7F6CA /* Assignment1UITests.xctest */;
			productType = "com.apple.product-type.bundle.ui-testing";
		};
/* End PBXNativeTarget section */

/* Begin PBXProject section */
		AD32A09E1D73556F00F7F6CA /* Project object */ = {
			isa = PBXProject;
			attributes = {
				LastUpgradeCheck = 0700;
				ORGANIZATIONNAME = Damjan;
				TargetAttributes = {
					AD32A0A51D73556F00F7F6CA = {
						CreatedOnToolsVersion = 7.0;
					};
					AD32A0BE1D73556F00F7F6CA = {
						CreatedOnToolsVersion = 7.0;
						TestTargetID = AD32A0A51D73556F00F7F6CA;
					};
					AD32A0C91D73556F00F7F6CA = {
						CreatedOnToolsVersion = 7.0;
						TestTargetID = AD32A0A51D73556F00F7F6CA;
					};
				};
			};
			buildConfigurationList = AD32A0A11D73556F00F7F6CA /* Build configuration list for PBXProject "Assignment1" */;
			compatibilityVersion = "Xcode 3.2";
			developmentRegion = English;
			hasScannedForEncodings = 0;
			knownRegions = (
				en,
				Base,
			);
			mainGroup = AD32A09D1D73556F00F7F6CA;
			productRefGroup = AD32A0A71D73556F00F7F6CA /* Products */;
			projectDirPath = "";
			projectRoot = "";
			targets = (
				AD32A0A51D73556F00F7F6CA /* Assignment1 */,
				AD32A0BE1D73556F00F7F6CA /* Assignment1Tests */,
				AD32A0C91D73556F00F7F6CA /* Assignment1UITests */,
			);
		};
/* End PBXProject section */

/* Begin PBXResourcesBuildPhase section */
		AD32A0A41D73556F00F7F6CA /* Resources */ = {
			isa = PBXResourcesBuildPhase;
			buildActionMask = 2147483647;
			files = (
				AD32A0B91D73556F00F7F6CA /* LaunchScreen.storyboard in Resources */,
				AD32A0B61D73556F00F7F6CA /* Assets.xcassets in Resources */,
				AD32A0B41D73556F00F7F6CA /* Main.storyboard in Resources */,
			);
			runOnlyForDeploymentPostprocessing = 0;
		};
		AD32A0BD1D73556F00F7F6CA /* Resources */ = {
			isa = PBXResourcesBuildPhase;
			buildActionMask = 2147483647;
			files = (
			);
			runOnlyForDeploymentPostprocessing = 0;
		};
		AD32A0C81D73556F00F7F6CA /* Resources */ = {
			isa = PBXResourcesBuildPhase;
			buildActionMask = 2147483647;
			files = (
			);
			runOnlyForDeploymentPostprocessing = 0;
		};
/* End PBXResourcesBuildPhase section */

/* Begin PBXSourcesBuildPhase section */
		AD32A0A21D73556F00F7F6CA /* Sources */ = {
			isa = PBXSourcesBuildPhase;
			buildActionMask = 2147483647;
			files = (
				ADF9CBBF1D760E9A00A60BA3 /* venue.m in Sources */,
				AD32A0B11D73556F00F7F6CA /* ViewController.m in Sources */,
				AD32A0E21D73585900F7F6CA /* BZFoursquareRequest.m in Sources */,
				AD32A0AE1D73556F00F7F6CA /* AppDelegate.m in Sources */,
				AD32A0E11D73585900F7F6CA /* BZFoursquare.m in Sources */,
				AD32A0AB1D73556F00F7F6CA /* main.m in Sources */,
				AD9B81381D74BF1000FDD251 /* CSMapAnnotation.m in Sources */,
			);
			runOnlyForDeploymentPostprocessing = 0;
		};
		AD32A0BB1D73556F00F7F6CA /* Sources */ = {
			isa = PBXSourcesBuildPhase;
			buildActionMask = 2147483647;
			files = (
				AD32A0C41D73556F00F7F6CA /* Assignment1Tests.m in Sources */,
			);
			runOnlyForDeploymentPostprocessing = 0;
		};
		AD32A0C61D73556F00F7F6CA /* Sources */ = {
			isa = PBXSourcesBuildPhase;
			buildActionMask = 2147483647;
			files = (
				AD32A0CF1D73556F00F7F6CA /* Assignment1UITests.m in Sources */,
			);
			runOnlyForDeploymentPostprocessing = 0;
		};
/* End PBXSourcesBuildPhase section */

/* Begin PBXTargetDependency section */
		AD32A0C11D73556F00F7F6CA /* PBXTargetDependency */ = {
			isa = PBXTargetDependency;
			target = AD32A0A51D73556F00F7F6CA /* Assignment1 */;
			targetProxy = AD32A0C01D73556F00F7F6CA /* PBXContainerItemProxy */;
		};
		AD32A0CC1D73556F00F7F6CA /* PBXTargetDependency */ = {
			isa = PBXTargetDependency;
			target = AD32A0A51D73556F00F7F6CA /* Assignment1 */;
			targetProxy = AD32A0CB1D73556F00F7F6CA /* PBXContainerItemProxy */;
		};
/* End PBXTargetDependency section */

/* Begin PBXVariantGroup section */
		AD32A0B21D73556F00F7F6CA /* Main.storyboard */ = {
			isa = PBXVariantGroup;
			children = (
				AD32A0B31D73556F00F7F6CA /* Base */,
			);
			name = Main.storyboard;
			sourceTree = "<group>";
		};
		AD32A0B71D73556F00F7F6CA /* LaunchScreen.storyboard */ = {
			isa = PBXVariantGroup;
			children = (
				AD32A0B81D73556F00F7F6CA /* Base */,
			);
			name = LaunchScreen.storyboard;
			sourceTree = "<group>";
		};
/* End PBXVariantGroup section */

/* Begin XCBuildConfiguration section */
		AD32A0D11D73556F00F7F6CA /* Debug */ = {
			isa = XCBuildConfiguration;
			buildSettings = {
				ALWAYS_SEARCH_USER_PATHS = NO;
				CLANG_CXX_LANGUAGE_STANDARD = "gnu++0x";
				CLANG_CXX_LIBRARY = "libc++";
				CLANG_ENABLE_MODULES = YES;
				CLANG_ENABLE_OBJC_ARC = YES;
				CLANG_WARN_BOOL_CONVERSION = YES;
				CLANG_WARN_CONSTANT_CONVERSION = YES;
				CLANG_WARN_DIRECT_OBJC_ISA_USAGE = YES_ERROR;
				CLANG_WARN_EMPTY_BODY = YES;
				CLANG_WARN_ENUM_CONVERSION = YES;
				CLANG_WARN_INT_CONVERSION = YES;
				CLANG_WARN_OBJC_ROOT_CLASS = YES_ERROR;
				CLANG_WARN_UNREACHABLE_CODE = YES;
				CLANG_WARN__DUPLICATE_METHOD_MATCH = YES;
				"CODE_SIGN_IDENTITY[sdk=iphoneos*]" = "iPhone Developer";
				COPY_PHASE_STRIP = NO;
				DEBUG_INFORMATION_FORMAT = dwarf;
				ENABLE_STRICT_OBJC_MSGSEND = YES;
				ENABLE_TESTABILITY = YES;
				GCC_C_LANGUAGE_STANDARD = gnu99;
				GCC_DYNAMIC_NO_PIC = NO;
				GCC_NO_COMMON_BLOCKS = YES;
				GCC_OPTIMIZATION_LEVEL = 0;
				GCC_PREPROCESSOR_DEFINITIONS = (
					"DEBUG=1",
					"$(inherited)",
				);
				GCC_WARN_64_TO_32_BIT_CONVERSION = YES;
				GCC_WARN_ABOUT_RETURN_TYPE = YES_ERROR;
				GCC_WARN_UNDECLARED_SELECTOR = YES;
				GCC_WARN_UNINITIALIZED_AUTOS = YES_AGGRESSIVE;
				GCC_WARN_UNUSED_FUNCTION = YES;
				GCC_WARN_UNUSED_VARIABLE = YES;
				IPHONEOS_DEPLOYMENT_TARGET = 9.0;
				MTL_ENABLE_DEBUG_INFO = YES;
				ONLY_ACTIVE_ARCH = YES;
				SDKROOT = iphoneos;
				TARGETED_DEVICE_FAMILY = "1,2";
			};
			name = Debug;
		};
		AD32A0D21D73556F00F7F6CA /* Release */ = {
			isa = XCBuildConfiguration;
			buildSettings = {
				ALWAYS_SEARCH_USER_PATHS = NO;
				CLANG_CXX_LANGUAGE_STANDARD = "gnu++0x";
				CLANG_CXX_LIBRARY = "libc++";
				CLANG_ENABLE_MODULES = YES;
				CLANG_ENABLE_OBJC_ARC = YES;
				CLANG_WARN_BOOL_CONVERSION = YES;
				CLANG_WARN_CONSTANT_CONVERSION = YES;
				CLANG_WARN_DIRECT_OBJC_ISA_USAGE = YES_ERROR;
				CLANG_WARN_EMPTY_BODY = YES;
				CLANG_WARN_ENUM_CONVERSION = YES;
				CLANG_WARN_INT_CONVERSION = YES;
				CLANG_WARN_OBJC_ROOT_CLASS = YES_ERROR;
				CLANG_WARN_UNREACHABLE_CODE = YES;
				CLANG_WARN__DUPLICATE_METHOD_MATCH = YES;
				"CODE_SIGN_IDENTITY[sdk=iphoneos*]" = "iPhone Developer";
				COPY_PHASE_STRIP = NO;
				DEBUG_INFORMATION_FORMAT = "dwarf-with-dsym";
				ENABLE_NS_ASSERTIONS = NO;
				ENABLE_STRICT_OBJC_MSGSEND = YES;
				GCC_C_LANGUAGE_STANDARD = gnu99;
				GCC_NO_COMMON_BLOCKS = YES;
				GCC_WARN_64_TO_32_BIT_CONVERSION = YES;
				GCC_WARN_ABOUT_RETURN_TYPE = YES_ERROR;
				GCC_WARN_UNDECLARED_SELECTOR = YES;
				GCC_WARN_UNINITIALIZED_AUTOS = YES_AGGRESSIVE;
				GCC_WARN_UNUSED_FUNCTION = YES;
				GCC_WARN_UNUSED_VARIABLE = YES;
				IPHONEOS_DEPLOYMENT_TARGET = 9.0;
				MTL_ENABLE_DEBUG_INFO = NO;
				SDKROOT = iphoneos;
				TARGETED_DEVICE_FAMILY = "1,2";
				VALIDATE_PRODUCT = YES;
			};
			name = Release;
		};
		AD32A0D41D73556F00F7F6CA /* Debug */ = {
			isa = XCBuildConfiguration;
			buildSettings = {
				ASSETCATALOG_COMPILER_APPICON_NAME = AppIcon;
				FOURSQURE_CALLBACK_URL = "assignment1://foursqare";
				FOURSQURE_CLIENT_ID = 3YLHCFDCVLHY0UV24NE35R0TEA4ZVX3PTCLLVW34CYPBV25O;
				INFOPLIST_FILE = Assignment1/Info.plist;
				IPHONEOS_DEPLOYMENT_TARGET = 7.0;
				LD_RUNPATH_SEARCH_PATHS = "$(inherited) @executable_path/Frameworks";
				OTHER_CFLAGS = "-fno-objc-arc";
				OTHER_LDFLAGS = "";
				PRODUCT_BUNDLE_IDENTIFIER = com.damjan.Assignment1;
				PRODUCT_NAME = "$(TARGET_NAME)";
			};
			name = Debug;
		};
		AD32A0D51D73556F00F7F6CA /* Release */ = {
			isa = XCBuildConfiguration;
			buildSettings = {
				ASSETCATALOG_COMPILER_APPICON_NAME = AppIcon;
				FOURSQURE_CALLBACK_URL = "assignment1://foursqare";
				FOURSQURE_CLIENT_ID = 3YLHCFDCVLHY0UV24NE35R0TEA4ZVX3PTCLLVW34CYPBV25O;
				INFOPLIST_FILE = Assignment1/Info.plist;
				IPHONEOS_DEPLOYMENT_TARGET = 7.0;
				LD_RUNPATH_SEARCH_PATHS = "$(inherited) @executable_path/Frameworks";
				OTHER_CFLAGS = "-fno-objc-arc";
				OTHER_LDFLAGS = "";
				PRODUCT_BUNDLE_IDENTIFIER = com.damjan.Assignment1;
				PRODUCT_NAME = "$(TARGET_NAME)";
			};
			name = Release;
		};
		AD32A0D71D73556F00F7F6CA /* Debug */ = {
			isa = XCBuildConfiguration;
			buildSettings = {
				BUNDLE_LOADER = "$(TEST_HOST)";
				INFOPLIST_FILE = Assignment1Tests/Info.plist;
				LD_RUNPATH_SEARCH_PATHS = "$(inherited) @executable_path/Frameworks @loader_path/Frameworks";
				PRODUCT_BUNDLE_IDENTIFIER = com.damjan.Assignment1Tests;
				PRODUCT_NAME = "$(TARGET_NAME)";
				TEST_HOST = "$(BUILT_PRODUCTS_DIR)/Assignment1.app/Assignment1";
			};
			name = Debug;
		};
		AD32A0D81D73556F00F7F6CA /* Release */ = {
			isa = XCBuildConfiguration;
			buildSettings = {
				BUNDLE_LOADER = "$(TEST_HOST)";
				INFOPLIST_FILE = Assignment1Tests/Info.plist;
				LD_RUNPATH_SEARCH_PATHS = "$(inherited) @executable_path/Frameworks @loader_path/Frameworks";
				PRODUCT_BUNDLE_IDENTIFIER = com.damjan.Assignment1Tests;
				PRODUCT_NAME = "$(TARGET_NAME)";
				TEST_HOST = "$(BUILT_PRODUCTS_DIR)/Assignment1.app/Assignment1";
			};
			name = Release;
		};
		AD32A0DA1D73556F00F7F6CA /* Debug */ = {
			isa = XCBuildConfiguration;
			buildSettings = {
				INFOPLIST_FILE = Assignment1UITests/Info.plist;
				LD_RUNPATH_SEARCH_PATHS = "$(inherited) @executable_path/Frameworks @loader_path/Frameworks";
				PRODUCT_BUNDLE_IDENTIFIER = com.damjan.Assignment1UITests;
				PRODUCT_NAME = "$(TARGET_NAME)";
				TEST_TARGET_NAME = Assignment1;
				USES_XCTRUNNER = YES;
			};
			name = Debug;
		};
		AD32A0DB1D73556F00F7F6CA /* Release */ = {
			isa = XCBuildConfiguration;
			buildSettings = {
				INFOPLIST_FILE = Assignment1UITests/Info.plist;
				LD_RUNPATH_SEARCH_PATHS = "$(inherited) @executable_path/Frameworks @loader_path/Frameworks";
				PRODUCT_BUNDLE_IDENTIFIER = com.damjan.Assignment1UITests;
				PRODUCT_NAME = "$(TARGET_NAME)";
				TEST_TARGET_NAME = Assignment1;
				USES_XCTRUNNER = YES;
			};
			name = Release;
		};
/* End XCBuildConfiguration section */

/* Begin XCConfigurationList section */
		AD32A0A11D73556F00F7F6CA /* Build configuration list for PBXProject "Assignment1" */ = {
			isa = XCConfigurationList;
			buildConfigurations = (
				AD32A0D11D73556F00F7F6CA /* Debug */,
				AD32A0D21D73556F00F7F6CA /* Release */,
			);
			defaultConfigurationIsVisible = 0;
			defaultConfigurationName = Release;
		};
		AD32A0D31D73556F00F7F6CA /* Build configuration list for PBXNativeTarget "Assignment1" */ = {
			isa = XCConfigurationList;
			buildConfigurations = (
				AD32A0D41D73556F00F7F6CA /* Debug */,
				AD32A0D51D73556F00F7F6CA /* Release */,
			);
			defaultConfigurationIsVisible = 0;
			defaultConfigurationName = Release;
		};
		AD32A0D61D73556F00F7F6CA /* Build configuration list for PBXNativeTarget "Assignment1Tests" */ = {
			isa = XCConfigurationList;
			buildConfigurations = (
				AD32A0D71D73556F00F7F6CA /* Debug */,
				AD32A0D81D73556F00F7F6CA /* Release */,
			);
			defaultConfigurationIsVisible = 0;
			defaultConfigurationName = Release;
		};
		AD32A0D91D73556F00F7F6CA /* Build configuration list for PBXNativeTarget "Assignment1UITests" */ = {
			isa = XCConfigurationList;
			buildConfigurations = (
				AD32A0DA1D73556F00F7F6CA /* Debug */,
				AD32A0DB1D73556F00F7F6CA /* Release */,
			);
			defaultConfigurationIsVisible = 0;
			defaultConfigurationName = Release;
		};
/* End XCConfigurationList section */
	};
	rootObject = AD32A09E1D73556F00F7F6CA /* Project object */;
}
